// !$*UTF8*$!
{
	archiveVersion = 1;
	classes = {
	};
	objectVersion = 56;
	objects = {

/* Begin PBXBuildFile section */
		BE4E19852B87C8CF001C9808 /* Dismissable.swift in Sources */ = {isa = PBXBuildFile; fileRef = BE4E19842B87C8CF001C9808 /* Dismissable.swift */; };
		BE6758B22B7BD11600C7BFFF /* AppDelegate.swift in Sources */ = {isa = PBXBuildFile; fileRef = BE6758B12B7BD11600C7BFFF /* AppDelegate.swift */; };
		BE6758B42B7BD11600C7BFFF /* SceneDelegate.swift in Sources */ = {isa = PBXBuildFile; fileRef = BE6758B32B7BD11600C7BFFF /* SceneDelegate.swift */; };
		BE6758B62B7BD11600C7BFFF /* ReminderListViewController.swift in Sources */ = {isa = PBXBuildFile; fileRef = BE6758B52B7BD11600C7BFFF /* ReminderListViewController.swift */; };
		BE6758BB2B7BD11700C7BFFF /* Assets.xcassets in Resources */ = {isa = PBXBuildFile; fileRef = BE6758BA2B7BD11700C7BFFF /* Assets.xcassets */; };
		BE6758BE2B7BD11700C7BFFF /* LaunchScreen.storyboard in Resources */ = {isa = PBXBuildFile; fileRef = BE6758BC2B7BD11700C7BFFF /* LaunchScreen.storyboard */; };
		BE6758CE2B7BD6E700C7BFFF /* ReminderCreateViewController.swift in Sources */ = {isa = PBXBuildFile; fileRef = BE6758CD2B7BD6E700C7BFFF /* ReminderCreateViewController.swift */; };
		BE6758D02B7BD6F100C7BFFF /* ReminderDetailViewController.swift in Sources */ = {isa = PBXBuildFile; fileRef = BE6758CF2B7BD6F100C7BFFF /* ReminderDetailViewController.swift */; };
		BE6758D82B7CE89900C7BFFF /* ReminderListViewModel.swift in Sources */ = {isa = PBXBuildFile; fileRef = BE6758D72B7CE89900C7BFFF /* ReminderListViewModel.swift */; };
		BE6758DB2B7CEF2F00C7BFFF /* ReminderListTableViewCell.swift in Sources */ = {isa = PBXBuildFile; fileRef = BE6758DA2B7CEF2F00C7BFFF /* ReminderListTableViewCell.swift */; };
		BE6758DE2B7D5CD600C7BFFF /* ReminderModel.swift in Sources */ = {isa = PBXBuildFile; fileRef = BE6758DD2B7D5CD600C7BFFF /* ReminderModel.swift */; };
		BE6758E12B7D659A00C7BFFF /* Presentable.swift in Sources */ = {isa = PBXBuildFile; fileRef = BE6758E02B7D659A00C7BFFF /* Presentable.swift */; };
		BE6758E62B7DF26700C7BFFF /* UserDefaultsManager.swift in Sources */ = {isa = PBXBuildFile; fileRef = BE6758E52B7DF26700C7BFFF /* UserDefaultsManager.swift */; };
		BE6758E82B7E4FD000C7BFFF /* ReminderCreateViewModel.swift in Sources */ = {isa = PBXBuildFile; fileRef = BE6758E72B7E4FD000C7BFFF /* ReminderCreateViewModel.swift */; };
		BEE2FECC2B86AF3800D122AD /* ReminderTextInputView.swift in Sources */ = {isa = PBXBuildFile; fileRef = BEE2FECB2B86AF3800D122AD /* ReminderTextInputView.swift */; };
		BEE2FECE2B86BBEB00D122AD /* ReminderDateInputView.swift in Sources */ = {isa = PBXBuildFile; fileRef = BEE2FECD2B86BBEB00D122AD /* ReminderDateInputView.swift */; };
		BEE2FED02B86C75600D122AD /* ReminderDetailViewModel.swift in Sources */ = {isa = PBXBuildFile; fileRef = BEE2FECF2B86C75600D122AD /* ReminderDetailViewModel.swift */; };
		BEE3089E2B81076100F79B43 /* BodyLabel.swift in Sources */ = {isa = PBXBuildFile; fileRef = BEE3089D2B81076100F79B43 /* BodyLabel.swift */; };
		BEE308AC2B816E8100F79B43 /* UserDefaultsKeys.swift in Sources */ = {isa = PBXBuildFile; fileRef = BEE308AB2B816E8100F79B43 /* UserDefaultsKeys.swift */; };
		BEE308AE2B816E8900F79B43 /* UserDefaultsErrors.swift in Sources */ = {isa = PBXBuildFile; fileRef = BEE308AD2B816E8900F79B43 /* UserDefaultsErrors.swift */; };
		BEE308B02B816EA700F79B43 /* UserDefaultsActions.swift in Sources */ = {isa = PBXBuildFile; fileRef = BEE308AF2B816EA700F79B43 /* UserDefaultsActions.swift */; };
		BEE308B32B82937900F79B43 /* Notification+Extensions.swift in Sources */ = {isa = PBXBuildFile; fileRef = BEE308B22B82937900F79B43 /* Notification+Extensions.swift */; };
		BEE308B52B83594200F79B43 /* TitleLabel.swift in Sources */ = {isa = PBXBuildFile; fileRef = BEE308B42B83594200F79B43 /* TitleLabel.swift */; };
/* End PBXBuildFile section */

/* Begin PBXFileReference section */
		BE4E19842B87C8CF001C9808 /* Dismissable.swift */ = {isa = PBXFileReference; lastKnownFileType = sourcecode.swift; path = Dismissable.swift; sourceTree = "<group>"; };
		BE6758AE2B7BD11600C7BFFF /* Reminder.app */ = {isa = PBXFileReference; explicitFileType = wrapper.application; includeInIndex = 0; path = Reminder.app; sourceTree = BUILT_PRODUCTS_DIR; };
		BE6758B12B7BD11600C7BFFF /* AppDelegate.swift */ = {isa = PBXFileReference; lastKnownFileType = sourcecode.swift; path = AppDelegate.swift; sourceTree = "<group>"; };
		BE6758B32B7BD11600C7BFFF /* SceneDelegate.swift */ = {isa = PBXFileReference; lastKnownFileType = sourcecode.swift; path = SceneDelegate.swift; sourceTree = "<group>"; };
		BE6758B52B7BD11600C7BFFF /* ReminderListViewController.swift */ = {isa = PBXFileReference; lastKnownFileType = sourcecode.swift; path = ReminderListViewController.swift; sourceTree = "<group>"; };
		BE6758BA2B7BD11700C7BFFF /* Assets.xcassets */ = {isa = PBXFileReference; lastKnownFileType = folder.assetcatalog; path = Assets.xcassets; sourceTree = "<group>"; };
		BE6758BD2B7BD11700C7BFFF /* Base */ = {isa = PBXFileReference; lastKnownFileType = file.storyboard; name = Base; path = Base.lproj/LaunchScreen.storyboard; sourceTree = "<group>"; };
		BE6758BF2B7BD11700C7BFFF /* Info.plist */ = {isa = PBXFileReference; lastKnownFileType = text.plist.xml; path = Info.plist; sourceTree = "<group>"; };
		BE6758CD2B7BD6E700C7BFFF /* ReminderCreateViewController.swift */ = {isa = PBXFileReference; lastKnownFileType = sourcecode.swift; path = ReminderCreateViewController.swift; sourceTree = "<group>"; };
		BE6758CF2B7BD6F100C7BFFF /* ReminderDetailViewController.swift */ = {isa = PBXFileReference; lastKnownFileType = sourcecode.swift; path = ReminderDetailViewController.swift; sourceTree = "<group>"; };
		BE6758D72B7CE89900C7BFFF /* ReminderListViewModel.swift */ = {isa = PBXFileReference; lastKnownFileType = sourcecode.swift; path = ReminderListViewModel.swift; sourceTree = "<group>"; };
		BE6758DA2B7CEF2F00C7BFFF /* ReminderListTableViewCell.swift */ = {isa = PBXFileReference; lastKnownFileType = sourcecode.swift; path = ReminderListTableViewCell.swift; sourceTree = "<group>"; };
		BE6758DD2B7D5CD600C7BFFF /* ReminderModel.swift */ = {isa = PBXFileReference; lastKnownFileType = sourcecode.swift; path = ReminderModel.swift; sourceTree = "<group>"; };
		BE6758E02B7D659A00C7BFFF /* Presentable.swift */ = {isa = PBXFileReference; lastKnownFileType = sourcecode.swift; path = Presentable.swift; sourceTree = "<group>"; };
		BE6758E52B7DF26700C7BFFF /* UserDefaultsManager.swift */ = {isa = PBXFileReference; lastKnownFileType = sourcecode.swift; path = UserDefaultsManager.swift; sourceTree = "<group>"; };
		BE6758E72B7E4FD000C7BFFF /* ReminderCreateViewModel.swift */ = {isa = PBXFileReference; lastKnownFileType = sourcecode.swift; path = ReminderCreateViewModel.swift; sourceTree = "<group>"; };
		BEE2FECB2B86AF3800D122AD /* ReminderTextInputView.swift */ = {isa = PBXFileReference; lastKnownFileType = sourcecode.swift; path = ReminderTextInputView.swift; sourceTree = "<group>"; };
		BEE2FECD2B86BBEB00D122AD /* ReminderDateInputView.swift */ = {isa = PBXFileReference; lastKnownFileType = sourcecode.swift; path = ReminderDateInputView.swift; sourceTree = "<group>"; };
		BEE2FECF2B86C75600D122AD /* ReminderDetailViewModel.swift */ = {isa = PBXFileReference; lastKnownFileType = sourcecode.swift; path = ReminderDetailViewModel.swift; sourceTree = "<group>"; };
		BEE3089D2B81076100F79B43 /* BodyLabel.swift */ = {isa = PBXFileReference; lastKnownFileType = sourcecode.swift; path = BodyLabel.swift; sourceTree = "<group>"; };
		BEE308AB2B816E8100F79B43 /* UserDefaultsKeys.swift */ = {isa = PBXFileReference; lastKnownFileType = sourcecode.swift; path = UserDefaultsKeys.swift; sourceTree = "<group>"; };
		BEE308AD2B816E8900F79B43 /* UserDefaultsErrors.swift */ = {isa = PBXFileReference; lastKnownFileType = sourcecode.swift; path = UserDefaultsErrors.swift; sourceTree = "<group>"; };
		BEE308AF2B816EA700F79B43 /* UserDefaultsActions.swift */ = {isa = PBXFileReference; lastKnownFileType = sourcecode.swift; path = UserDefaultsActions.swift; sourceTree = "<group>"; };
		BEE308B22B82937900F79B43 /* Notification+Extensions.swift */ = {isa = PBXFileReference; lastKnownFileType = sourcecode.swift; path = "Notification+Extensions.swift"; sourceTree = "<group>"; };
		BEE308B42B83594200F79B43 /* TitleLabel.swift */ = {isa = PBXFileReference; lastKnownFileType = sourcecode.swift; path = TitleLabel.swift; sourceTree = "<group>"; };
/* End PBXFileReference section */

/* Begin PBXFrameworksBuildPhase section */
		BE6758AB2B7BD11600C7BFFF /* Frameworks */ = {
			isa = PBXFrameworksBuildPhase;
			buildActionMask = 2147483647;
			files = (
			);
			runOnlyForDeploymentPostprocessing = 0;
		};
/* End PBXFrameworksBuildPhase section */

/* Begin PBXGroup section */
		BE6758A52B7BD11600C7BFFF = {
			isa = PBXGroup;
			children = (
				BE6758B02B7BD11600C7BFFF /* Reminder */,
				BE6758AF2B7BD11600C7BFFF /* Products */,
			);
			sourceTree = "<group>";
		};
		BE6758AF2B7BD11600C7BFFF /* Products */ = {
			isa = PBXGroup;
			children = (
				BE6758AE2B7BD11600C7BFFF /* Reminder.app */,
			);
			name = Products;
			sourceTree = "<group>";
		};
		BE6758B02B7BD11600C7BFFF /* Reminder */ = {
			isa = PBXGroup;
			children = (
				BE6758C52B7BD5F000C7BFFF /* App */,
				BE6758CC2B7BD63B00C7BFFF /* Core */,
				BE6758CB2B7BD62E00C7BFFF /* Utils */,
				BE6758D32B7CDF5100C7BFFF /* Features */,
				BE6758CA2B7BD62400C7BFFF /* Product */,
				BE6758BA2B7BD11700C7BFFF /* Assets.xcassets */,
			);
			path = Reminder;
			sourceTree = "<group>";
		};
		BE6758C52B7BD5F000C7BFFF /* App */ = {
			isa = PBXGroup;
			children = (
				BE6758B12B7BD11600C7BFFF /* AppDelegate.swift */,
				BE6758B32B7BD11600C7BFFF /* SceneDelegate.swift */,
				BE6758BC2B7BD11700C7BFFF /* LaunchScreen.storyboard */,
				BE6758BF2B7BD11700C7BFFF /* Info.plist */,
			);
			name = App;
			sourceTree = "<group>";
		};
		BE6758CA2B7BD62400C7BFFF /* Product */ = {
			isa = PBXGroup;
			children = (
				BEE308992B81073A00F79B43 /* Components */,
				BE6758DC2B7D5CCA00C7BFFF /* Models */,
				BE6758D92B7CEF0000C7BFFF /* Cells */,
			);
			path = Product;
			sourceTree = "<group>";
		};
		BE6758CB2B7BD62E00C7BFFF /* Utils */ = {
			isa = PBXGroup;
			children = (
				BEE308B12B82936800F79B43 /* Extensions */,
				BEE308A92B816E6700F79B43 /* Enums */,
				BE6758DF2B7D656D00C7BFFF /* Protocols */,
			);
			path = Utils;
			sourceTree = "<group>";
		};
		BE6758CC2B7BD63B00C7BFFF /* Core */ = {
			isa = PBXGroup;
			children = (
				BE6758E22B7DD8CE00C7BFFF /* Managers */,
			);
			path = Core;
			sourceTree = "<group>";
		};
		BE6758D32B7CDF5100C7BFFF /* Features */ = {
			isa = PBXGroup;
			children = (
				BE6758D42B7CE01D00C7BFFF /* ReminderList */,
				BE6758D62B7CE02E00C7BFFF /* ReminderCreate */,
				BE6758D52B7CE02300C7BFFF /* ReminderDetail */,
			);
			path = Features;
			sourceTree = "<group>";
		};
		BE6758D42B7CE01D00C7BFFF /* ReminderList */ = {
			isa = PBXGroup;
			children = (
				BE6758B52B7BD11600C7BFFF /* ReminderListViewController.swift */,
				BE6758D72B7CE89900C7BFFF /* ReminderListViewModel.swift */,
			);
			path = ReminderList;
			sourceTree = "<group>";
		};
		BE6758D52B7CE02300C7BFFF /* ReminderDetail */ = {
			isa = PBXGroup;
			children = (
				BE6758CF2B7BD6F100C7BFFF /* ReminderDetailViewController.swift */,
				BEE2FECF2B86C75600D122AD /* ReminderDetailViewModel.swift */,
			);
			path = ReminderDetail;
			sourceTree = "<group>";
		};
		BE6758D62B7CE02E00C7BFFF /* ReminderCreate */ = {
			isa = PBXGroup;
			children = (
				BE6758CD2B7BD6E700C7BFFF /* ReminderCreateViewController.swift */,
				BE6758E72B7E4FD000C7BFFF /* ReminderCreateViewModel.swift */,
			);
			path = ReminderCreate;
			sourceTree = "<group>";
		};
		BE6758D92B7CEF0000C7BFFF /* Cells */ = {
			isa = PBXGroup;
			children = (
				BE6758DA2B7CEF2F00C7BFFF /* ReminderListTableViewCell.swift */,
			);
			path = Cells;
			sourceTree = "<group>";
		};
		BE6758DC2B7D5CCA00C7BFFF /* Models */ = {
			isa = PBXGroup;
			children = (
				BE6758DD2B7D5CD600C7BFFF /* ReminderModel.swift */,
			);
			path = Models;
			sourceTree = "<group>";
		};
		BE6758DF2B7D656D00C7BFFF /* Protocols */ = {
			isa = PBXGroup;
			children = (
				BE6758E02B7D659A00C7BFFF /* Presentable.swift */,
				BE4E19842B87C8CF001C9808 /* Dismissable.swift */,
			);
			path = Protocols;
			sourceTree = "<group>";
		};
		BE6758E22B7DD8CE00C7BFFF /* Managers */ = {
			isa = PBXGroup;
			children = (
				BE6758E52B7DF26700C7BFFF /* UserDefaultsManager.swift */,
			);
			path = Managers;
			sourceTree = "<group>";
		};
		BEE2FECA2B86A92200D122AD /* Views */ = {
			isa = PBXGroup;
			children = (
				BEE2FECB2B86AF3800D122AD /* ReminderTextInputView.swift */,
				BEE2FECD2B86BBEB00D122AD /* ReminderDateInputView.swift */,
			);
			path = Views;
			sourceTree = "<group>";
		};
		BEE308992B81073A00F79B43 /* Components */ = {
			isa = PBXGroup;
			children = (
				BEE2FECA2B86A92200D122AD /* Views */,
				BEE3089A2B81073E00F79B43 /* Labels */,
			);
			path = Components;
			sourceTree = "<group>";
		};
		BEE3089A2B81073E00F79B43 /* Labels */ = {
			isa = PBXGroup;
			children = (
				BEE3089D2B81076100F79B43 /* BodyLabel.swift */,
				BEE308B42B83594200F79B43 /* TitleLabel.swift */,
			);
			path = Labels;
			sourceTree = "<group>";
		};
		BEE308A92B816E6700F79B43 /* Enums */ = {
			isa = PBXGroup;
			children = (
				BEE308AA2B816E6F00F79B43 /* UserDefaults */,
			);
			path = Enums;
			sourceTree = "<group>";
		};
		BEE308AA2B816E6F00F79B43 /* UserDefaults */ = {
			isa = PBXGroup;
			children = (
				BEE308AB2B816E8100F79B43 /* UserDefaultsKeys.swift */,
				BEE308AD2B816E8900F79B43 /* UserDefaultsErrors.swift */,
				BEE308AF2B816EA700F79B43 /* UserDefaultsActions.swift */,
			);
			path = UserDefaults;
			sourceTree = "<group>";
		};
		BEE308B12B82936800F79B43 /* Extensions */ = {
			isa = PBXGroup;
			children = (
				BEE308B22B82937900F79B43 /* Notification+Extensions.swift */,
			);
			path = Extensions;
			sourceTree = "<group>";
		};
/* End PBXGroup section */

/* Begin PBXNativeTarget section */
		BE6758AD2B7BD11600C7BFFF /* Reminder */ = {
			isa = PBXNativeTarget;
			buildConfigurationList = BE6758C22B7BD11700C7BFFF /* Build configuration list for PBXNativeTarget "Reminder" */;
			buildPhases = (
				BE6758AA2B7BD11600C7BFFF /* Sources */,
				BE6758AB2B7BD11600C7BFFF /* Frameworks */,
				BE6758AC2B7BD11600C7BFFF /* Resources */,
			);
			buildRules = (
			);
			dependencies = (
			);
			name = Reminder;
			productName = Reminder;
			productReference = BE6758AE2B7BD11600C7BFFF /* Reminder.app */;
			productType = "com.apple.product-type.application";
		};
/* End PBXNativeTarget section */

/* Begin PBXProject section */
		BE6758A62B7BD11600C7BFFF /* Project object */ = {
			isa = PBXProject;
			attributes = {
				BuildIndependentTargetsInParallel = 1;
				LastSwiftUpdateCheck = 1520;
				LastUpgradeCheck = 1520;
				TargetAttributes = {
					BE6758AD2B7BD11600C7BFFF = {
						CreatedOnToolsVersion = 15.2;
					};
				};
			};
			buildConfigurationList = BE6758A92B7BD11600C7BFFF /* Build configuration list for PBXProject "Reminder" */;
			compatibilityVersion = "Xcode 14.0";
			developmentRegion = en;
			hasScannedForEncodings = 0;
			knownRegions = (
				en,
				Base,
			);
			mainGroup = BE6758A52B7BD11600C7BFFF;
			productRefGroup = BE6758AF2B7BD11600C7BFFF /* Products */;
			projectDirPath = "";
			projectRoot = "";
			targets = (
				BE6758AD2B7BD11600C7BFFF /* Reminder */,
			);
		};
/* End PBXProject section */

/* Begin PBXResourcesBuildPhase section */
		BE6758AC2B7BD11600C7BFFF /* Resources */ = {
			isa = PBXResourcesBuildPhase;
			buildActionMask = 2147483647;
			files = (
				BE6758BE2B7BD11700C7BFFF /* LaunchScreen.storyboard in Resources */,
				BE6758BB2B7BD11700C7BFFF /* Assets.xcassets in Resources */,
			);
			runOnlyForDeploymentPostprocessing = 0;
		};
/* End PBXResourcesBuildPhase section */

/* Begin PBXSourcesBuildPhase section */
		BE6758AA2B7BD11600C7BFFF /* Sources */ = {
			isa = PBXSourcesBuildPhase;
			buildActionMask = 2147483647;
			files = (
				BEE308B02B816EA700F79B43 /* UserDefaultsActions.swift in Sources */,
				BE6758DB2B7CEF2F00C7BFFF /* ReminderListTableViewCell.swift in Sources */,
				BEE2FECE2B86BBEB00D122AD /* ReminderDateInputView.swift in Sources */,
				BE6758D82B7CE89900C7BFFF /* ReminderListViewModel.swift in Sources */,
				BE6758B62B7BD11600C7BFFF /* ReminderListViewController.swift in Sources */,
				BE6758E62B7DF26700C7BFFF /* UserDefaultsManager.swift in Sources */,
				BE4E19852B87C8CF001C9808 /* Dismissable.swift in Sources */,
				BEE308AC2B816E8100F79B43 /* UserDefaultsKeys.swift in Sources */,
				BEE308B32B82937900F79B43 /* Notification+Extensions.swift in Sources */,
				BE6758B22B7BD11600C7BFFF /* AppDelegate.swift in Sources */,
				BE6758D02B7BD6F100C7BFFF /* ReminderDetailViewController.swift in Sources */,
				BE6758DE2B7D5CD600C7BFFF /* ReminderModel.swift in Sources */,
				BEE3089E2B81076100F79B43 /* BodyLabel.swift in Sources */,
				BE6758CE2B7BD6E700C7BFFF /* ReminderCreateViewController.swift in Sources */,
				BE6758E82B7E4FD000C7BFFF /* ReminderCreateViewModel.swift in Sources */,
				BEE308AE2B816E8900F79B43 /* UserDefaultsErrors.swift in Sources */,
				BE6758B42B7BD11600C7BFFF /* SceneDelegate.swift in Sources */,
				BEE308B52B83594200F79B43 /* TitleLabel.swift in Sources */,
				BEE2FED02B86C75600D122AD /* ReminderDetailViewModel.swift in Sources */,
				BEE2FECC2B86AF3800D122AD /* ReminderTextInputView.swift in Sources */,
				BE6758E12B7D659A00C7BFFF /* Presentable.swift in Sources */,
			);
			runOnlyForDeploymentPostprocessing = 0;
		};
/* End PBXSourcesBuildPhase section */

/* Begin PBXVariantGroup section */
		BE6758BC2B7BD11700C7BFFF /* LaunchScreen.storyboard */ = {
			isa = PBXVariantGroup;
			children = (
				BE6758BD2B7BD11700C7BFFF /* Base */,
			);
			name = LaunchScreen.storyboard;
			sourceTree = "<group>";
		};
/* End PBXVariantGroup section */

/* Begin XCBuildConfiguration section */
		BE6758C02B7BD11700C7BFFF /* Debug */ = {
			isa = XCBuildConfiguration;
			buildSettings = {
				ALWAYS_SEARCH_USER_PATHS = NO;
				ASSETCATALOG_COMPILER_GENERATE_SWIFT_ASSET_SYMBOL_EXTENSIONS = YES;
				CLANG_ANALYZER_NONNULL = YES;
				CLANG_ANALYZER_NUMBER_OBJECT_CONVERSION = YES_AGGRESSIVE;
				CLANG_CXX_LANGUAGE_STANDARD = "gnu++20";
				CLANG_ENABLE_MODULES = YES;
				CLANG_ENABLE_OBJC_ARC = YES;
				CLANG_ENABLE_OBJC_WEAK = YES;
				CLANG_WARN_BLOCK_CAPTURE_AUTORELEASING = YES;
				CLANG_WARN_BOOL_CONVERSION = YES;
				CLANG_WARN_COMMA = YES;
				CLANG_WARN_CONSTANT_CONVERSION = YES;
				CLANG_WARN_DEPRECATED_OBJC_IMPLEMENTATIONS = YES;
				CLANG_WARN_DIRECT_OBJC_ISA_USAGE = YES_ERROR;
				CLANG_WARN_DOCUMENTATION_COMMENTS = YES;
				CLANG_WARN_EMPTY_BODY = YES;
				CLANG_WARN_ENUM_CONVERSION = YES;
				CLANG_WARN_INFINITE_RECURSION = YES;
				CLANG_WARN_INT_CONVERSION = YES;
				CLANG_WARN_NON_LITERAL_NULL_CONVERSION = YES;
				CLANG_WARN_OBJC_IMPLICIT_RETAIN_SELF = YES;
				CLANG_WARN_OBJC_LITERAL_CONVERSION = YES;
				CLANG_WARN_OBJC_ROOT_CLASS = YES_ERROR;
				CLANG_WARN_QUOTED_INCLUDE_IN_FRAMEWORK_HEADER = YES;
				CLANG_WARN_RANGE_LOOP_ANALYSIS = YES;
				CLANG_WARN_STRICT_PROTOTYPES = YES;
				CLANG_WARN_SUSPICIOUS_MOVE = YES;
				CLANG_WARN_UNGUARDED_AVAILABILITY = YES_AGGRESSIVE;
				CLANG_WARN_UNREACHABLE_CODE = YES;
				CLANG_WARN__DUPLICATE_METHOD_MATCH = YES;
				COPY_PHASE_STRIP = NO;
				DEBUG_INFORMATION_FORMAT = dwarf;
				ENABLE_STRICT_OBJC_MSGSEND = YES;
				ENABLE_TESTABILITY = YES;
				ENABLE_USER_SCRIPT_SANDBOXING = YES;
				GCC_C_LANGUAGE_STANDARD = gnu17;
				GCC_DYNAMIC_NO_PIC = NO;
				GCC_NO_COMMON_BLOCKS = YES;
				GCC_OPTIMIZATION_LEVEL = 0;
				GCC_PREPROCESSOR_DEFINITIONS = (
					"DEBUG=1",
					"$(inherited)",
				);
				GCC_WARN_64_TO_32_BIT_CONVERSION = YES;
				GCC_WARN_ABOUT_RETURN_TYPE = YES_ERROR;
				GCC_WARN_UNDECLARED_SELECTOR = YES;
				GCC_WARN_UNINITIALIZED_AUTOS = YES_AGGRESSIVE;
				GCC_WARN_UNUSED_FUNCTION = YES;
				GCC_WARN_UNUSED_VARIABLE = YES;
				IPHONEOS_DEPLOYMENT_TARGET = 17.2;
				LOCALIZATION_PREFERS_STRING_CATALOGS = YES;
				MTL_ENABLE_DEBUG_INFO = INCLUDE_SOURCE;
				MTL_FAST_MATH = YES;
				ONLY_ACTIVE_ARCH = YES;
				SDKROOT = iphoneos;
				SWIFT_ACTIVE_COMPILATION_CONDITIONS = "DEBUG $(inherited)";
				SWIFT_OPTIMIZATION_LEVEL = "-Onone";
			};
			name = Debug;
		};
		BE6758C12B7BD11700C7BFFF /* Release */ = {
			isa = XCBuildConfiguration;
			buildSettings = {
				ALWAYS_SEARCH_USER_PATHS = NO;
				ASSETCATALOG_COMPILER_GENERATE_SWIFT_ASSET_SYMBOL_EXTENSIONS = YES;
				CLANG_ANALYZER_NONNULL = YES;
				CLANG_ANALYZER_NUMBER_OBJECT_CONVERSION = YES_AGGRESSIVE;
				CLANG_CXX_LANGUAGE_STANDARD = "gnu++20";
				CLANG_ENABLE_MODULES = YES;
				CLANG_ENABLE_OBJC_ARC = YES;
				CLANG_ENABLE_OBJC_WEAK = YES;
				CLANG_WARN_BLOCK_CAPTURE_AUTORELEASING = YES;
				CLANG_WARN_BOOL_CONVERSION = YES;
				CLANG_WARN_COMMA = YES;
				CLANG_WARN_CONSTANT_CONVERSION = YES;
				CLANG_WARN_DEPRECATED_OBJC_IMPLEMENTATIONS = YES;
				CLANG_WARN_DIRECT_OBJC_ISA_USAGE = YES_ERROR;
				CLANG_WARN_DOCUMENTATION_COMMENTS = YES;
				CLANG_WARN_EMPTY_BODY = YES;
				CLANG_WARN_ENUM_CONVERSION = YES;
				CLANG_WARN_INFINITE_RECURSION = YES;
				CLANG_WARN_INT_CONVERSION = YES;
				CLANG_WARN_NON_LITERAL_NULL_CONVERSION = YES;
				CLANG_WARN_OBJC_IMPLICIT_RETAIN_SELF = YES;
				CLANG_WARN_OBJC_LITERAL_CONVERSION = YES;
				CLANG_WARN_OBJC_ROOT_CLASS = YES_ERROR;
				CLANG_WARN_QUOTED_INCLUDE_IN_FRAMEWORK_HEADER = YES;
				CLANG_WARN_RANGE_LOOP_ANALYSIS = YES;
				CLANG_WARN_STRICT_PROTOTYPES = YES;
				CLANG_WARN_SUSPICIOUS_MOVE = YES;
				CLANG_WARN_UNGUARDED_AVAILABILITY = YES_AGGRESSIVE;
				CLANG_WARN_UNREACHABLE_CODE = YES;
				CLANG_WARN__DUPLICATE_METHOD_MATCH = YES;
				COPY_PHASE_STRIP = NO;
				DEBUG_INFORMATION_FORMAT = "dwarf-with-dsym";
				ENABLE_NS_ASSERTIONS = NO;
				ENABLE_STRICT_OBJC_MSGSEND = YES;
				ENABLE_USER_SCRIPT_SANDBOXING = YES;
				GCC_C_LANGUAGE_STANDARD = gnu17;
				GCC_NO_COMMON_BLOCKS = YES;
				GCC_WARN_64_TO_32_BIT_CONVERSION = YES;
				GCC_WARN_ABOUT_RETURN_TYPE = YES_ERROR;
				GCC_WARN_UNDECLARED_SELECTOR = YES;
				GCC_WARN_UNINITIALIZED_AUTOS = YES_AGGRESSIVE;
				GCC_WARN_UNUSED_FUNCTION = YES;
				GCC_WARN_UNUSED_VARIABLE = YES;
				IPHONEOS_DEPLOYMENT_TARGET = 17.2;
				LOCALIZATION_PREFERS_STRING_CATALOGS = YES;
				MTL_ENABLE_DEBUG_INFO = NO;
				MTL_FAST_MATH = YES;
				SDKROOT = iphoneos;
				SWIFT_COMPILATION_MODE = wholemodule;
				VALIDATE_PRODUCT = YES;
			};
			name = Release;
		};
		BE6758C32B7BD11700C7BFFF /* Debug */ = {
			isa = XCBuildConfiguration;
			buildSettings = {
				ASSETCATALOG_COMPILER_APPICON_NAME = AppIcon;
				ASSETCATALOG_COMPILER_GLOBAL_ACCENT_COLOR_NAME = AccentColor;
				CODE_SIGN_STYLE = Automatic;
				CURRENT_PROJECT_VERSION = 1;
				DEVELOPMENT_TEAM = 46PR5V47LD;
				GENERATE_INFOPLIST_FILE = YES;
				INFOPLIST_FILE = Reminder/Info.plist;
				INFOPLIST_KEY_UIApplicationSupportsIndirectInputEvents = YES;
				INFOPLIST_KEY_UILaunchStoryboardName = LaunchScreen;
				INFOPLIST_KEY_UISupportedInterfaceOrientations_iPad = "UIInterfaceOrientationPortrait UIInterfaceOrientationPortraitUpsideDown UIInterfaceOrientationLandscapeLeft UIInterfaceOrientationLandscapeRight";
				INFOPLIST_KEY_UISupportedInterfaceOrientations_iPhone = "UIInterfaceOrientationPortrait UIInterfaceOrientationLandscapeLeft UIInterfaceOrientationLandscapeRight";
				LD_RUNPATH_SEARCH_PATHS = (
					"$(inherited)",
					"@executable_path/Frameworks",
				);
				MARKETING_VERSION = 1.0;
				PRODUCT_BUNDLE_IDENTIFIER = com.yunusberdibekk.Reminder;
				PRODUCT_NAME = "$(TARGET_NAME)";
				SWIFT_EMIT_LOC_STRINGS = YES;
				SWIFT_VERSION = 5.0;
				TARGETED_DEVICE_FAMILY = "1,2";
			};
			name = Debug;
		};
		BE6758C42B7BD11700C7BFFF /* Release */ = {
			isa = XCBuildConfiguration;
			buildSettings = {
				ASSETCATALOG_COMPILER_APPICON_NAME = AppIcon;
				ASSETCATALOG_COMPILER_GLOBAL_ACCENT_COLOR_NAME = AccentColor;
				CODE_SIGN_STYLE = Automatic;
				CURRENT_PROJECT_VERSION = 1;
				DEVELOPMENT_TEAM = 46PR5V47LD;
				GENERATE_INFOPLIST_FILE = YES;
				INFOPLIST_FILE = Reminder/Info.plist;
				INFOPLIST_KEY_UIApplicationSupportsIndirectInputEvents = YES;
				INFOPLIST_KEY_UILaunchStoryboardName = LaunchScreen;
				INFOPLIST_KEY_UISupportedInterfaceOrientations_iPad = "UIInterfaceOrientationPortrait UIInterfaceOrientationPortraitUpsideDown UIInterfaceOrientationLandscapeLeft UIInterfaceOrientationLandscapeRight";
				INFOPLIST_KEY_UISupportedInterfaceOrientations_iPhone = "UIInterfaceOrientationPortrait UIInterfaceOrientationLandscapeLeft UIInterfaceOrientationLandscapeRight";
				LD_RUNPATH_SEARCH_PATHS = (
					"$(inherited)",
					"@executable_path/Frameworks",
				);
				MARKETING_VERSION = 1.0;
				PRODUCT_BUNDLE_IDENTIFIER = com.yunusberdibekk.Reminder;
				PRODUCT_NAME = "$(TARGET_NAME)";
				SWIFT_EMIT_LOC_STRINGS = YES;
				SWIFT_VERSION = 5.0;
				TARGETED_DEVICE_FAMILY = "1,2";
			};
			name = Release;
		};
/* End XCBuildConfiguration section */

/* Begin XCConfigurationList section */
		BE6758A92B7BD11600C7BFFF /* Build configuration list for PBXProject "Reminder" */ = {
			isa = XCConfigurationList;
			buildConfigurations = (
				BE6758C02B7BD11700C7BFFF /* Debug */,
				BE6758C12B7BD11700C7BFFF /* Release */,
			);
			defaultConfigurationIsVisible = 0;
			defaultConfigurationName = Release;
		};
		BE6758C22B7BD11700C7BFFF /* Build configuration list for PBXNativeTarget "Reminder" */ = {
			isa = XCConfigurationList;
			buildConfigurations = (
				BE6758C32B7BD11700C7BFFF /* Debug */,
				BE6758C42B7BD11700C7BFFF /* Release */,
			);
			defaultConfigurationIsVisible = 0;
			defaultConfigurationName = Release;
		};
/* End XCConfigurationList section */
	};
	rootObject = BE6758A62B7BD11600C7BFFF /* Project object */;
}
